
Microsoft Visual Studio Solution File, Format Version 12.00
# Visual Studio Version 17
VisualStudioVersion = 17.2.32519.379
MinimumVisualStudioVersion = 10.0.40219.1
Project("{FAE04EC0-301F-11D3-BF4B-00C04F79EFBC}") = "OnlineLibrary", "OnlineLibrary\OnlineLibrary.csproj", "{028481EB-97E2-402D-A7D4-0778A616C228}"
EndProject
Global
	GlobalSection(SolutionConfigurationPlatforms) = preSolution
		Debug|Any CPU = Debug|Any CPU
		Release|Any CPU = Release|Any CPU
	EndGlobalSection
	GlobalSection(ProjectConfigurationPlatforms) = postSolution
		{028481EB-97E2-402D-A7D4-0778A616C228}.Debug|Any CPU.ActiveCfg = Debug|Any CPU
		{028481EB-97E2-402D-A7D4-0778A616C228}.Debug|Any CPU.Build.0 = Debug|Any CPU
		{028481EB-97E2-402D-A7D4-0778A616C228}.Release|Any CPU.ActiveCfg = Release|Any CPU
		{028481EB-97E2-402D-A7D4-0778A616C228}.Release|Any CPU.Build.0 = Release|Any CPU
	EndGlobalSection
	GlobalSection(SolutionProperties) = preSolution
		HideSolutionNode = FALSE
	EndGlobalSection
	GlobalSection(ExtensibilityGlobals) = postSolution
		SolutionGuid = {C7F90219-8881-4F4F-B1E2-F555717AD968}
	EndGlobalSection
EndGlobal
